
Microsoft Visual Studio Solution File, Format Version 11.00
# Visual C++ Express 2010
Project("{8BC9CEB8-8B4A-11D0-8D11-00A0C91BC942}") = "lab2", "lab2\lab2.vcxproj", "{48A503B5-4C3A-4235-966A-8C56AB849571}"
EndProject
Global
	GlobalSection(SolutionConfigurationPlatforms) = preSolution
		Debug|Win32 = Debug|Win32
		Release|Win32 = Release|Win32
	EndGlobalSection
	GlobalSection(ProjectConfigurationPlatforms) = postSolution
		{48A503B5-4C3A-4235-966A-8C56AB849571}.Debug|Win32.ActiveCfg = Debug|Win32
		{48A503B5-4C3A-4235-966A-8C56AB849571}.Debug|Win32.Build.0 = Debug|Win32
		{48A503B5-4C3A-4235-966A-8C56AB849571}.Release|Win32.ActiveCfg = Release|Win32
		{48A503B5-4C3A-4235-966A-8C56AB849571}.Release|Win32.Build.0 = Release|Win32
	EndGlobalSection
	GlobalSection(SolutionProperties) = preSolution
		HideSolutionNode = FALSE
	EndGlobalSection
EndGlobal
